{
  "name": "bibliotheque-lipajoli",
  "version": "1.0.0",
  "description": "Système de gestion de bibliothèque LIPAJOLI",
  "main": "index.js",
  "scripts": {
    "test": "echo \"Error: no test specified\" && exit 1"
  },
  "keywords": ["bibliotheque", "gestion", "livres", "emprunts"],
  "author": "Vincent Dubé",
  "license": "MIT"
}
